// !$*UTF8*$!
{
	archiveVersion = 1;
	classes = {
	};
	objectVersion = 46;
	objects = {

/* Begin PBXBuildFile section */
		4C980AEE1E46228800EDC7CF /* AppDelegate.swift in Sources */ = {isa = PBXBuildFile; fileRef = 4C980AED1E46228800EDC7CF /* AppDelegate.swift */; };
		4C980AF01E46228800EDC7CF /* ViewController.swift in Sources */ = {isa = PBXBuildFile; fileRef = 4C980AEF1E46228800EDC7CF /* ViewController.swift */; };
		4C980AF31E46228800EDC7CF /* Main.storyboard in Resources */ = {isa = PBXBuildFile; fileRef = 4C980AF11E46228800EDC7CF /* Main.storyboard */; };
		4C980AF51E46228800EDC7CF /* Assets.xcassets in Resources */ = {isa = PBXBuildFile; fileRef = 4C980AF41E46228800EDC7CF /* Assets.xcassets */; };
		4C980AF81E46228800EDC7CF /* LaunchScreen.storyboard in Resources */ = {isa = PBXBuildFile; fileRef = 4C980AF61E46228800EDC7CF /* LaunchScreen.storyboard */; };
		4C980B031E46228800EDC7CF /* R_PROJECT_NAMETests.swift in Sources */ = {isa = PBXBuildFile; fileRef = 4C980B021E46228800EDC7CF /* R_PROJECT_NAMETests.swift */; };
/* End PBXBuildFile section */

/* Begin PBXContainerItemProxy section */
		4C980AFF1E46228800EDC7CF /* PBXContainerItemProxy */ = {
			isa = PBXContainerItemProxy;
			containerPortal = 4C980AE21E46228800EDC7CF /* Project object */;
			proxyType = 1;
			remoteGlobalIDString = 4C980AE91E46228800EDC7CF;
			remoteInfo = "R-PROJECT-NAME";
		};
/* End PBXContainerItemProxy section */

/* Begin PBXFileReference section */
		4C980AEA1E46228800EDC7CF /* R-PROJECT-NAME.app */ = {isa = PBXFileReference; explicitFileType = wrapper.application; includeInIndex = 0; path = "R-PROJECT-NAME.app"; sourceTree = BUILT_PRODUCTS_DIR; };
		4C980AED1E46228800EDC7CF /* AppDelegate.swift */ = {isa = PBXFileReference; lastKnownFileType = sourcecode.swift; path = AppDelegate.swift; sourceTree = "<group>"; };
		4C980AEF1E46228800EDC7CF /* ViewController.swift */ = {isa = PBXFileReference; lastKnownFileType = sourcecode.swift; path = ViewController.swift; sourceTree = "<group>"; };
		4C980AF21E46228800EDC7CF /* Base */ = {isa = PBXFileReference; lastKnownFileType = file.storyboard; name = Base; path = Base.lproj/Main.storyboard; sourceTree = "<group>"; };
		4C980AF41E46228800EDC7CF /* Assets.xcassets */ = {isa = PBXFileReference; lastKnownFileType = folder.assetcatalog; path = Assets.xcassets; sourceTree = "<group>"; };
		4C980AF71E46228800EDC7CF /* Base */ = {isa = PBXFileReference; lastKnownFileType = file.storyboard; name = Base; path = Base.lproj/LaunchScreen.storyboard; sourceTree = "<group>"; };
		4C980AF91E46228800EDC7CF /* Info.plist */ = {isa = PBXFileReference; lastKnownFileType = text.plist.xml; path = Info.plist; sourceTree = "<group>"; };
		4C980AFE1E46228800EDC7CF /* R-PROJECT-NAMETests.xctest */ = {isa = PBXFileReference; explicitFileType = wrapper.cfbundle; includeInIndex = 0; path = "R-PROJECT-NAMETests.xctest"; sourceTree = BUILT_PRODUCTS_DIR; };
		4C980B021E46228800EDC7CF /* R_PROJECT_NAMETests.swift */ = {isa = PBXFileReference; lastKnownFileType = sourcecode.swift; path = R_PROJECT_NAMETests.swift; sourceTree = "<group>"; };
		4C980B041E46228800EDC7CF /* Info.plist */ = {isa = PBXFileReference; lastKnownFileType = text.plist.xml; path = Info.plist; sourceTree = "<group>"; };
/* End PBXFileReference section */

/* Begin PBXFrameworksBuildPhase section */
		4C980AE71E46228800EDC7CF /* Frameworks */ = {
			isa = PBXFrameworksBuildPhase;
			buildActionMask = 2147483647;
			files = (
			);
			runOnlyForDeploymentPostprocessing = 0;
		};
		4C980AFB1E46228800EDC7CF /* Frameworks */ = {
			isa = PBXFrameworksBuildPhase;
			buildActionMask = 2147483647;
			files = (
			);
			runOnlyForDeploymentPostprocessing = 0;
		};
/* End PBXFrameworksBuildPhase section */

/* Begin PBXGroup section */
		4C980AE11E46228800EDC7CF = {
			isa = PBXGroup;
			children = (
				4C980AEC1E46228800EDC7CF /* R-PROJECT-NAME */,
				4C980B011E46228800EDC7CF /* R-PROJECT-NAMETests */,
				4C980AEB1E46228800EDC7CF /* Products */,
			);
			sourceTree = "<group>";
		};
		4C980AEB1E46228800EDC7CF /* Products */ = {
			isa = PBXGroup;
			children = (
				4C980AEA1E46228800EDC7CF /* R-PROJECT-NAME.app */,
				4C980AFE1E46228800EDC7CF /* R-PROJECT-NAMETests.xctest */,
			);
			name = Products;
			sourceTree = "<group>";
		};
		4C980AEC1E46228800EDC7CF /* R-PROJECT-NAME */ = {
			isa = PBXGroup;
			children = (
				4C980AED1E46228800EDC7CF /* AppDelegate.swift */,
				4C980AEF1E46228800EDC7CF /* ViewController.swift */,
				4C980AF11E46228800EDC7CF /* Main.storyboard */,
				4C980AF41E46228800EDC7CF /* Assets.xcassets */,
				4C980AF61E46228800EDC7CF /* LaunchScreen.storyboard */,
				4C980AF91E46228800EDC7CF /* Info.plist */,
			);
			path = "R-PROJECT-NAME";
			sourceTree = "<group>";
		};
		4C980B011E46228800EDC7CF /* R-PROJECT-NAMETests */ = {
			isa = PBXGroup;
			children = (
				4C980B021E46228800EDC7CF /* R_PROJECT_NAMETests.swift */,
				4C980B041E46228800EDC7CF /* Info.plist */,
			);
			path = "R-PROJECT-NAMETests";
			sourceTree = "<group>";
		};
/* End PBXGroup section */

/* Begin PBXNativeTarget section */
		4C980AE91E46228800EDC7CF /* R-PROJECT-NAME */ = {
			isa = PBXNativeTarget;
			buildConfigurationList = 4C980B071E46228800EDC7CF /* Build configuration list for PBXNativeTarget "R-PROJECT-NAME" */;
			buildPhases = (
				4C980AE61E46228800EDC7CF /* Sources */,
				4C980AE71E46228800EDC7CF /* Frameworks */,
				4C980AE81E46228800EDC7CF /* Resources */,
			);
			buildRules = (
			);
			dependencies = (
			);
			name = "R-PROJECT-NAME";
			productName = "R-PROJECT-NAME";
			productReference = 4C980AEA1E46228800EDC7CF /* R-PROJECT-NAME.app */;
			productType = "com.apple.product-type.application";
		};
		4C980AFD1E46228800EDC7CF /* R-PROJECT-NAMETests */ = {
			isa = PBXNativeTarget;
			buildConfigurationList = 4C980B0A1E46228800EDC7CF /* Build configuration list for PBXNativeTarget "R-PROJECT-NAMETests" */;
			buildPhases = (
				4C980AFA1E46228800EDC7CF /* Sources */,
				4C980AFB1E46228800EDC7CF /* Frameworks */,
				4C980AFC1E46228800EDC7CF /* Resources */,
			);
			buildRules = (
			);
			dependencies = (
				4C980B001E46228800EDC7CF /* PBXTargetDependency */,
			);
			name = "R-PROJECT-NAMETests";
			productName = "R-PROJECT-NAMETests";
			productReference = 4C980AFE1E46228800EDC7CF /* R-PROJECT-NAMETests.xctest */;
			productType = "com.apple.product-type.bundle.unit-test";
		};
/* End PBXNativeTarget section */

/* Begin PBXProject section */
		4C980AE21E46228800EDC7CF /* Project object */ = {
			isa = PBXProject;
			attributes = {
				LastSwiftUpdateCheck = 0810;
				LastUpgradeCheck = 0810;
				ORGANIZATIONNAME = "R-COMPANY-NAME";
				TargetAttributes = {
					4C980AE91E46228800EDC7CF = {
						CreatedOnToolsVersion = 8.1;
						ProvisioningStyle = Automatic;
					};
					4C980AFD1E46228800EDC7CF = {
						CreatedOnToolsVersion = 8.1;
						ProvisioningStyle = Automatic;
						TestTargetID = 4C980AE91E46228800EDC7CF;
					};
				};
			};
			buildConfigurationList = 4C980AE51E46228800EDC7CF /* Build configuration list for PBXProject "R-PROJECT-NAME" */;
			compatibilityVersion = "Xcode 3.2";
			developmentRegion = English;
			hasScannedForEncodings = 0;
			knownRegions = (
				en,
				Base,
			);
			mainGroup = 4C980AE11E46228800EDC7CF;
			productRefGroup = 4C980AEB1E46228800EDC7CF /* Products */;
			projectDirPath = "";
			projectRoot = "";
			targets = (
				4C980AE91E46228800EDC7CF /* R-PROJECT-NAME */,
				4C980AFD1E46228800EDC7CF /* R-PROJECT-NAMETests */,
			);
		};
/* End PBXProject section */

/* Begin PBXResourcesBuildPhase section */
		4C980AE81E46228800EDC7CF /* Resources */ = {
			isa = PBXResourcesBuildPhase;
			buildActionMask = 2147483647;
			files = (
				4C980AF81E46228800EDC7CF /* LaunchScreen.storyboard in Resources */,
				4C980AF51E46228800EDC7CF /* Assets.xcassets in Resources */,
				4C980AF31E46228800EDC7CF /* Main.storyboard in Resources */,
			);
			runOnlyForDeploymentPostprocessing = 0;
		};
		4C980AFC1E46228800EDC7CF /* Resources */ = {
			isa = PBXResourcesBuildPhase;
			buildActionMask = 2147483647;
			files = (
			);
			runOnlyForDeploymentPostprocessing = 0;
		};
/* End PBXResourcesBuildPhase section */

/* Begin PBXSourcesBuildPhase section */
		4C980AE61E46228800EDC7CF /* Sources */ = {
			isa = PBXSourcesBuildPhase;
			buildActionMask = 2147483647;
			files = (
				4C980AF01E46228800EDC7CF /* ViewController.swift in Sources */,
				4C980AEE1E46228800EDC7CF /* AppDelegate.swift in Sources */,
			);
			runOnlyForDeploymentPostprocessing = 0;
		};
		4C980AFA1E46228800EDC7CF /* Sources */ = {
			isa = PBXSourcesBuildPhase;
			buildActionMask = 2147483647;
			files = (
				4C980B031E46228800EDC7CF /* R_PROJECT_NAMETests.swift in Sources */,
			);
			runOnlyForDeploymentPostprocessing = 0;
		};
/* End PBXSourcesBuildPhase section */

/* Begin PBXTargetDependency section */
		4C980B001E46228800EDC7CF /* PBXTargetDependency */ = {
			isa = PBXTargetDependency;
			target = 4C980AE91E46228800EDC7CF /* R-PROJECT-NAME */;
			targetProxy = 4C980AFF1E46228800EDC7CF /* PBXContainerItemProxy */;
		};
/* End PBXTargetDependency section */

/* Begin PBXVariantGroup section */
		4C980AF11E46228800EDC7CF /* Main.storyboard */ = {
			isa = PBXVariantGroup;
			children = (
				4C980AF21E46228800EDC7CF /* Base */,
			);
			name = Main.storyboard;
			sourceTree = "<group>";
		};
		4C980AF61E46228800EDC7CF /* LaunchScreen.storyboard */ = {
			isa = PBXVariantGroup;
			children = (
				4C980AF71E46228800EDC7CF /* Base */,
			);
			name = LaunchScreen.storyboard;
			sourceTree = "<group>";
		};
/* End PBXVariantGroup section */

/* Begin XCBuildConfiguration section */
		4C980B051E46228800EDC7CF /* Debug */ = {
			isa = XCBuildConfiguration;
			buildSettings = {
				ALWAYS_SEARCH_USER_PATHS = NO;
				CLANG_ANALYZER_NONNULL = YES;
				CLANG_CXX_LANGUAGE_STANDARD = "gnu++0x";
				CLANG_CXX_LIBRARY = "libc++";
				CLANG_ENABLE_MODULES = YES;
				CLANG_ENABLE_OBJC_ARC = YES;
				CLANG_WARN_BOOL_CONVERSION = YES;
				CLANG_WARN_CONSTANT_CONVERSION = YES;
				CLANG_WARN_DIRECT_OBJC_ISA_USAGE = YES_ERROR;
				CLANG_WARN_DOCUMENTATION_COMMENTS = YES;
				CLANG_WARN_EMPTY_BODY = YES;
				CLANG_WARN_ENUM_CONVERSION = YES;
				CLANG_WARN_INFINITE_RECURSION = YES;
				CLANG_WARN_INT_CONVERSION = YES;
				CLANG_WARN_OBJC_ROOT_CLASS = YES_ERROR;
				CLANG_WARN_SUSPICIOUS_MOVES = YES;
				CLANG_WARN_UNREACHABLE_CODE = YES;
				CLANG_WARN__DUPLICATE_METHOD_MATCH = YES;
				"CODE_SIGN_IDENTITY[sdk=iphoneos*]" = "iPhone Developer";
				COPY_PHASE_STRIP = NO;
				DEBUG_INFORMATION_FORMAT = dwarf;
				ENABLE_STRICT_OBJC_MSGSEND = YES;
				ENABLE_TESTABILITY = YES;
				GCC_C_LANGUAGE_STANDARD = gnu99;
				GCC_DYNAMIC_NO_PIC = NO;
				GCC_NO_COMMON_BLOCKS = YES;
				GCC_OPTIMIZATION_LEVEL = 0;
				GCC_PREPROCESSOR_DEFINITIONS = (
					"DEBUG=1",
					"$(inherited)",
				);
				GCC_WARN_64_TO_32_BIT_CONVERSION = YES;
				GCC_WARN_ABOUT_RETURN_TYPE = YES_ERROR;
				GCC_WARN_UNDECLARED_SELECTOR = YES;
				GCC_WARN_UNINITIALIZED_AUTOS = YES_AGGRESSIVE;
				GCC_WARN_UNUSED_FUNCTION = YES;
				GCC_WARN_UNUSED_VARIABLE = YES;
				IPHONEOS_DEPLOYMENT_TARGET = 10.1;
				MTL_ENABLE_DEBUG_INFO = YES;
				ONLY_ACTIVE_ARCH = YES;
				SDKROOT = iphoneos;
				SWIFT_ACTIVE_COMPILATION_CONDITIONS = DEBUG;
				SWIFT_OPTIMIZATION_LEVEL = "-Onone";
				TARGETED_DEVICE_FAMILY = "1,2";
			};
			name = Debug;
		};
		4C980B061E46228800EDC7CF /* Release */ = {
			isa = XCBuildConfiguration;
			buildSettings = {
				ALWAYS_SEARCH_USER_PATHS = NO;
				CLANG_ANALYZER_NONNULL = YES;
				CLANG_CXX_LANGUAGE_STANDARD = "gnu++0x";
				CLANG_CXX_LIBRARY = "libc++";
				CLANG_ENABLE_MODULES = YES;
				CLANG_ENABLE_OBJC_ARC = YES;
				CLANG_WARN_BOOL_CONVERSION = YES;
				CLANG_WARN_CONSTANT_CONVERSION = YES;
				CLANG_WARN_DIRECT_OBJC_ISA_USAGE = YES_ERROR;
				CLANG_WARN_DOCUMENTATION_COMMENTS = YES;
				CLANG_WARN_EMPTY_BODY = YES;
				CLANG_WARN_ENUM_CONVERSION = YES;
				CLANG_WARN_INFINITE_RECURSION = YES;
				CLANG_WARN_INT_CONVERSION = YES;
				CLANG_WARN_OBJC_ROOT_CLASS = YES_ERROR;
				CLANG_WARN_SUSPICIOUS_MOVES = YES;
				CLANG_WARN_UNREACHABLE_CODE = YES;
				CLANG_WARN__DUPLICATE_METHOD_MATCH = YES;
				"CODE_SIGN_IDENTITY[sdk=iphoneos*]" = "iPhone Developer";
				COPY_PHASE_STRIP = NO;
				DEBUG_INFORMATION_FORMAT = "dwarf-with-dsym";
				ENABLE_NS_ASSERTIONS = NO;
				ENABLE_STRICT_OBJC_MSGSEND = YES;
				GCC_C_LANGUAGE_STANDARD = gnu99;
				GCC_NO_COMMON_BLOCKS = YES;
				GCC_WARN_64_TO_32_BIT_CONVERSION = YES;
				GCC_WARN_ABOUT_RETURN_TYPE = YES_ERROR;
				GCC_WARN_UNDECLARED_SELECTOR = YES;
				GCC_WARN_UNINITIALIZED_AUTOS = YES_AGGRESSIVE;
				GCC_WARN_UNUSED_FUNCTION = YES;
				GCC_WARN_UNUSED_VARIABLE = YES;
				IPHONEOS_DEPLOYMENT_TARGET = 10.1;
				MTL_ENABLE_DEBUG_INFO = NO;
				SDKROOT = iphoneos;
				SWIFT_OPTIMIZATION_LEVEL = "-Owholemodule";
				TARGETED_DEVICE_FAMILY = "1,2";
				VALIDATE_PRODUCT = YES;
			};
			name = Release;
		};
		4C980B081E46228800EDC7CF /* Debug */ = {
			isa = XCBuildConfiguration;
			buildSettings = {
				ASSETCATALOG_COMPILER_APPICON_NAME = AppIcon;
				INFOPLIST_FILE = "R-PROJECT-NAME/Info.plist";
				LD_RUNPATH_SEARCH_PATHS = "$(inherited) @executable_path/Frameworks";
				PRODUCT_BUNDLE_IDENTIFIER = "R-COMPANY-IDENTIFIER.R-PROJECT-NAME";
				PRODUCT_NAME = "$(TARGET_NAME)";
				SWIFT_VERSION = 3.0;
			};
			name = Debug;
		};
		4C980B091E46228800EDC7CF /* Release */ = {
			isa = XCBuildConfiguration;
			buildSettings = {
				ASSETCATALOG_COMPILER_APPICON_NAME = AppIcon;
				INFOPLIST_FILE = "R-PROJECT-NAME/Info.plist";
				LD_RUNPATH_SEARCH_PATHS = "$(inherited) @executable_path/Frameworks";
				PRODUCT_BUNDLE_IDENTIFIER = "R-COMPANY-IDENTIFIER.R-PROJECT-NAME";
				PRODUCT_NAME = "$(TARGET_NAME)";
				SWIFT_VERSION = 3.0;
			};
			name = Release;
		};
		4C980B0B1E46228800EDC7CF /* Debug */ = {
			isa = XCBuildConfiguration;
			buildSettings = {
				ALWAYS_EMBED_SWIFT_STANDARD_LIBRARIES = YES;
				BUNDLE_LOADER = "$(TEST_HOST)";
				INFOPLIST_FILE = "R-PROJECT-NAMETests/Info.plist";
				LD_RUNPATH_SEARCH_PATHS = "$(inherited) @executable_path/Frameworks @loader_path/Frameworks";
				PRODUCT_BUNDLE_IDENTIFIER = "R-COMPANY-IDENTIFIER.R-PROJECT-NAMETests";
				PRODUCT_NAME = "$(TARGET_NAME)";
				SWIFT_VERSION = 3.0;
				TEST_HOST = "$(BUILT_PRODUCTS_DIR)/R-PROJECT-NAME.app/R-PROJECT-NAME";
			};
			name = Debug;
		};
		4C980B0C1E46228800EDC7CF /* Release */ = {
			isa = XCBuildConfiguration;
			buildSettings = {
				ALWAYS_EMBED_SWIFT_STANDARD_LIBRARIES = YES;
				BUNDLE_LOADER = "$(TEST_HOST)";
				INFOPLIST_FILE = "R-PROJECT-NAMETests/Info.plist";
				LD_RUNPATH_SEARCH_PATHS = "$(inherited) @executable_path/Frameworks @loader_path/Frameworks";
				PRODUCT_BUNDLE_IDENTIFIER = "R-COMPANY-IDENTIFIER.R-PROJECT-NAMETests";
				PRODUCT_NAME = "$(TARGET_NAME)";
				SWIFT_VERSION = 3.0;
				TEST_HOST = "$(BUILT_PRODUCTS_DIR)/R-PROJECT-NAME.app/R-PROJECT-NAME";
			};
			name = Release;
		};
/* End XCBuildConfiguration section */

/* Begin XCConfigurationList section */
		4C980AE51E46228800EDC7CF /* Build configuration list for PBXProject "R-PROJECT-NAME" */ = {
			isa = XCConfigurationList;
			buildConfigurations = (
				4C980B051E46228800EDC7CF /* Debug */,
				4C980B061E46228800EDC7CF /* Release */,
			);
			defaultConfigurationIsVisible = 0;
			defaultConfigurationName = Release;
		};
		4C980B071E46228800EDC7CF /* Build configuration list for PBXNativeTarget "R-PROJECT-NAME" */ = {
			isa = XCConfigurationList;
			buildConfigurations = (
				4C980B081E46228800EDC7CF /* Debug */,
				4C980B091E46228800EDC7CF /* Release */,
			);
			defaultConfigurationIsVisible = 0;
		};
		4C980B0A1E46228800EDC7CF /* Build configuration list for PBXNativeTarget "R-PROJECT-NAMETests" */ = {
			isa = XCConfigurationList;
			buildConfigurations = (
				4C980B0B1E46228800EDC7CF /* Debug */,
				4C980B0C1E46228800EDC7CF /* Release */,
			);
			defaultConfigurationIsVisible = 0;
		};
/* End XCConfigurationList section */
	};
	rootObject = 4C980AE21E46228800EDC7CF /* Project object */;
}
